
Microsoft Visual Studio Solution File, Format Version 12.00
# Visual Studio Version 17
VisualStudioVersion = 17.3.32825.248
MinimumVisualStudioVersion = 10.0.40219.1
Project("{FAE04EC0-301F-11D3-BF4B-00C04F79EFBC}") = "apartmant", "apartmant\apartmant.csproj", "{579C9BB2-BFBD-4FF6-846B-0B17076D4262}"
EndProject
Global
	GlobalSection(SolutionConfigurationPlatforms) = preSolution
		Debug|Any CPU = Debug|Any CPU
		Release|Any CPU = Release|Any CPU
	EndGlobalSection
	GlobalSection(ProjectConfigurationPlatforms) = postSolution
		{579C9BB2-BFBD-4FF6-846B-0B17076D4262}.Debug|Any CPU.ActiveCfg = Debug|Any CPU
		{579C9BB2-BFBD-4FF6-846B-0B17076D4262}.Debug|Any CPU.Build.0 = Debug|Any CPU
		{579C9BB2-BFBD-4FF6-846B-0B17076D4262}.Release|Any CPU.ActiveCfg = Release|Any CPU
		{579C9BB2-BFBD-4FF6-846B-0B17076D4262}.Release|Any CPU.Build.0 = Release|Any CPU
	EndGlobalSection
	GlobalSection(SolutionProperties) = preSolution
		HideSolutionNode = FALSE
	EndGlobalSection
	GlobalSection(ExtensibilityGlobals) = postSolution
		SolutionGuid = {EEA918D6-32CB-451C-8019-6779FED0F55F}
	EndGlobalSection
EndGlobal
